
Microsoft Visual Studio Solution File, Format Version 12.00
# Visual Studio 2012
Project("{FAE04EC0-301F-11D3-BF4B-00C04F79EFBC}") = "hello world", "hello world\hello world.csproj", "{4870F2A0-C1EA-4A97-BD2A-A3DF653015DC}"
EndProject
Global
	GlobalSection(SolutionConfigurationPlatforms) = preSolution
		Debug|Any CPU = Debug|Any CPU
		Release|Any CPU = Release|Any CPU
	EndGlobalSection
	GlobalSection(ProjectConfigurationPlatforms) = postSolution
		{4870F2A0-C1EA-4A97-BD2A-A3DF653015DC}.Debug|Any CPU.ActiveCfg = Debug|Any CPU
		{4870F2A0-C1EA-4A97-BD2A-A3DF653015DC}.Debug|Any CPU.Build.0 = Debug|Any CPU
		{4870F2A0-C1EA-4A97-BD2A-A3DF653015DC}.Release|Any CPU.ActiveCfg = Release|Any CPU
		{4870F2A0-C1EA-4A97-BD2A-A3DF653015DC}.Release|Any CPU.Build.0 = Release|Any CPU
	EndGlobalSection
	GlobalSection(SolutionProperties) = preSolution
		HideSolutionNode = FALSE
	EndGlobalSection
EndGlobal
